
Microsoft Visual Studio Solution File, Format Version 12.00
# Visual Studio Version 16
VisualStudioVersion = 16.0.30104.148
MinimumVisualStudioVersion = 10.0.40219.1
Project("{FAE04EC0-301F-11D3-BF4B-00C04F79EFBC}") = "LMS", "LMS.csproj", "{5ACFADCC-C342-4D96-9C58-6D222015F386}"
EndProject
Project("{FAE04EC0-301F-11D3-BF4B-00C04F79EFBC}") = "DataLayer", "..\DataLayer\DataLayer.csproj", "{C0D33523-2F4C-4604-A32B-0CC57CF47A3C}"
EndProject
Global
	GlobalSection(SolutionConfigurationPlatforms) = preSolution
		Debug|Any CPU = Debug|Any CPU
		Release|Any CPU = Release|Any CPU
	EndGlobalSection
	GlobalSection(ProjectConfigurationPlatforms) = postSolution
		{5ACFADCC-C342-4D96-9C58-6D222015F386}.Debug|Any CPU.ActiveCfg = Debug|Any CPU
		{5ACFADCC-C342-4D96-9C58-6D222015F386}.Debug|Any CPU.Build.0 = Debug|Any CPU
		{5ACFADCC-C342-4D96-9C58-6D222015F386}.Release|Any CPU.ActiveCfg = Release|Any CPU
		{5ACFADCC-C342-4D96-9C58-6D222015F386}.Release|Any CPU.Build.0 = Release|Any CPU
		{C0D33523-2F4C-4604-A32B-0CC57CF47A3C}.Debug|Any CPU.ActiveCfg = Debug|Any CPU
		{C0D33523-2F4C-4604-A32B-0CC57CF47A3C}.Debug|Any CPU.Build.0 = Debug|Any CPU
		{C0D33523-2F4C-4604-A32B-0CC57CF47A3C}.Release|Any CPU.ActiveCfg = Release|Any CPU
		{C0D33523-2F4C-4604-A32B-0CC57CF47A3C}.Release|Any CPU.Build.0 = Release|Any CPU
	EndGlobalSection
	GlobalSection(SolutionProperties) = preSolution
		HideSolutionNode = FALSE
	EndGlobalSection
	GlobalSection(ExtensibilityGlobals) = postSolution
		SolutionGuid = {F187D29C-14D6-412E-A7E8-7A603A87D717}
	EndGlobalSection
EndGlobal
